
Microsoft Visual Studio Solution File, Format Version 12.00
# Visual Studio Version 17
VisualStudioVersion = 17.5.002.0
MinimumVisualStudioVersion = 10.0.40219.1
Project("{2150E333-8FDC-42A3-9474-1A3956D46DE8}") = "prepare", "prepare", "{A58C8C15-691B-4646-B2E0-5DFFF32F24CD}"
EndProject
Project("{9A19103F-16F7-4668-BE54-9A1E7A4F7556}") = "Learning02", "prepare\Learning02\Learning02.csproj", "{C6598901-40F0-4DF2-B354-AC5E1F4E589B}"
EndProject
Project("{9A19103F-16F7-4668-BE54-9A1E7A4F7556}") = "Learning05", "prepare\Learning05\Learning05.csproj", "{928DC108-1CCE-40DC-9C77-AD5832AB9A5B}"
EndProject
Project("{9A19103F-16F7-4668-BE54-9A1E7A4F7556}") = "Learning04", "prepare\Learning04\Learning04.csproj", "{EADEA832-0D0C-424B-AB36-5CA4CB7D31BA}"
EndProject
Project("{9A19103F-16F7-4668-BE54-9A1E7A4F7556}") = "Learning03", "prepare\Learning03\Learning03.csproj", "{DF609F99-FFD2-43EF-8DAF-4B64BE15FBB5}"
EndProject
Project("{2150E333-8FDC-42A3-9474-1A3956D46DE8}") = "prove", "prove", "{7D8CD343-619E-4DCB-91A7-AAA7733B49E6}"
EndProject
Project("{9A19103F-16F7-4668-BE54-9A1E7A4F7556}") = "Develop03", "prove\Develop03\Develop03.csproj", "{7197F564-8AD9-48AF-A3B0-210F625F8FB7}"
EndProject
Project("{9A19103F-16F7-4668-BE54-9A1E7A4F7556}") = "Develop04", "prove\Develop04\Develop04.csproj", "{04651D04-DE0A-44FC-B909-B7DA7740E18F}"
EndProject
Project("{9A19103F-16F7-4668-BE54-9A1E7A4F7556}") = "Develop05", "prove\Develop05\Develop05.csproj", "{C2B7765A-C9BE-47CA-BEF1-5B5079C397ED}"
EndProject
Project("{9A19103F-16F7-4668-BE54-9A1E7A4F7556}") = "Develop02", "prove\Develop02\Develop02.csproj", "{BBC2FD8D-4D04-43BB-B116-B323AEC33117}"
EndProject
Project("{2150E333-8FDC-42A3-9474-1A3956D46DE8}") = "sandbox", "sandbox", "{3D7FE754-321C-49C8-A503-C3C7D61FC0EB}"
EndProject
Project("{9A19103F-16F7-4668-BE54-9A1E7A4F7556}") = "Sandbox", "sandbox\Sandbox\Sandbox.csproj", "{86E3100E-0DF5-426C-8631-DFACEDF15C66}"
EndProject
Project("{2150E333-8FDC-42A3-9474-1A3956D46DE8}") = "final", "final", "{5BBEB00F-C086-409B-A31D-61DBA4B96FD5}"
EndProject
Project("{9A19103F-16F7-4668-BE54-9A1E7A4F7556}") = "FinalProject", "final\FinalProject\FinalProject.csproj", "{E5E20E2B-AD8E-4F8A-97B9-508EDC1FB66B}"
EndProject
Project("{9A19103F-16F7-4668-BE54-9A1E7A4F7556}") = "Foundation1", "final\Foundation1\Foundation1.csproj", "{691827D8-4A36-463F-AA0B-976E99F7DCAC}"
EndProject
Project("{9A19103F-16F7-4668-BE54-9A1E7A4F7556}") = "Foundation4", "final\Foundation4\Foundation4.csproj", "{CF071993-21AF-46FF-88CF-9EB34D738C18}"
EndProject
Project("{9A19103F-16F7-4668-BE54-9A1E7A4F7556}") = "Foundation3", "final\Foundation3\Foundation3.csproj", "{7F9A4072-A506-4B92-9858-26F5EE7F2A29}"
EndProject
Project("{9A19103F-16F7-4668-BE54-9A1E7A4F7556}") = "Foundation2", "final\Foundation2\Foundation2.csproj", "{C0F4CB85-AE68-4A95-993A-C2F9E3F6377D}"
EndProject
Project("{2150E333-8FDC-42A3-9474-1A3956D46DE8}") = "csharp-prep", "csharp-prep", "{D20069BD-1953-46FB-9206-0A22B9D2D946}"
EndProject
Project("{9A19103F-16F7-4668-BE54-9A1E7A4F7556}") = "Prep1", "csharp-prep\Prep1\Prep1.csproj", "{ADBE3E48-2BE0-491C-9662-6A2037802E3D}"
EndProject
Project("{9A19103F-16F7-4668-BE54-9A1E7A4F7556}") = "Prep5", "csharp-prep\Prep5\Prep5.csproj", "{D5C53FC4-1CEF-43BB-9BC6-E01B4EA93419}"
EndProject
Project("{9A19103F-16F7-4668-BE54-9A1E7A4F7556}") = "Prep2", "csharp-prep\Prep2\Prep2.csproj", "{93BFC4A9-575F-4E03-81DB-9BF242E6D02F}"
EndProject
Project("{9A19103F-16F7-4668-BE54-9A1E7A4F7556}") = "Prep3", "csharp-prep\Prep3\Prep3.csproj", "{8A4AFA48-8EA6-439B-BFF5-F6ACCF73AFEF}"
EndProject
Project("{9A19103F-16F7-4668-BE54-9A1E7A4F7556}") = "Prep4", "csharp-prep\Prep4\Prep4.csproj", "{DC056BB0-182D-4F53-ABB8-1A381E83F764}"
EndProject
Global
	GlobalSection(SolutionConfigurationPlatforms) = preSolution
		Debug|Any CPU = Debug|Any CPU
		Release|Any CPU = Release|Any CPU
	EndGlobalSection
	GlobalSection(ProjectConfigurationPlatforms) = postSolution
		{C6598901-40F0-4DF2-B354-AC5E1F4E589B}.Debug|Any CPU.ActiveCfg = Debug|Any CPU
		{C6598901-40F0-4DF2-B354-AC5E1F4E589B}.Debug|Any CPU.Build.0 = Debug|Any CPU
		{C6598901-40F0-4DF2-B354-AC5E1F4E589B}.Release|Any CPU.ActiveCfg = Release|Any CPU
		{C6598901-40F0-4DF2-B354-AC5E1F4E589B}.Release|Any CPU.Build.0 = Release|Any CPU
		{928DC108-1CCE-40DC-9C77-AD5832AB9A5B}.Debug|Any CPU.ActiveCfg = Debug|Any CPU
		{928DC108-1CCE-40DC-9C77-AD5832AB9A5B}.Debug|Any CPU.Build.0 = Debug|Any CPU
		{928DC108-1CCE-40DC-9C77-AD5832AB9A5B}.Release|Any CPU.ActiveCfg = Release|Any CPU
		{928DC108-1CCE-40DC-9C77-AD5832AB9A5B}.Release|Any CPU.Build.0 = Release|Any CPU
		{EADEA832-0D0C-424B-AB36-5CA4CB7D31BA}.Debug|Any CPU.ActiveCfg = Debug|Any CPU
		{EADEA832-0D0C-424B-AB36-5CA4CB7D31BA}.Debug|Any CPU.Build.0 = Debug|Any CPU
		{EADEA832-0D0C-424B-AB36-5CA4CB7D31BA}.Release|Any CPU.ActiveCfg = Release|Any CPU
		{EADEA832-0D0C-424B-AB36-5CA4CB7D31BA}.Release|Any CPU.Build.0 = Release|Any CPU
		{DF609F99-FFD2-43EF-8DAF-4B64BE15FBB5}.Debug|Any CPU.ActiveCfg = Debug|Any CPU
		{DF609F99-FFD2-43EF-8DAF-4B64BE15FBB5}.Debug|Any CPU.Build.0 = Debug|Any CPU
		{DF609F99-FFD2-43EF-8DAF-4B64BE15FBB5}.Release|Any CPU.ActiveCfg = Release|Any CPU
		{DF609F99-FFD2-43EF-8DAF-4B64BE15FBB5}.Release|Any CPU.Build.0 = Release|Any CPU
		{7197F564-8AD9-48AF-A3B0-210F625F8FB7}.Debug|Any CPU.ActiveCfg = Debug|Any CPU
		{7197F564-8AD9-48AF-A3B0-210F625F8FB7}.Debug|Any CPU.Build.0 = Debug|Any CPU
		{7197F564-8AD9-48AF-A3B0-210F625F8FB7}.Release|Any CPU.ActiveCfg = Release|Any CPU
		{7197F564-8AD9-48AF-A3B0-210F625F8FB7}.Release|Any CPU.Build.0 = Release|Any CPU
		{04651D04-DE0A-44FC-B909-B7DA7740E18F}.Debug|Any CPU.ActiveCfg = Debug|Any CPU
		{04651D04-DE0A-44FC-B909-B7DA7740E18F}.Debug|Any CPU.Build.0 = Debug|Any CPU
		{04651D04-DE0A-44FC-B909-B7DA7740E18F}.Release|Any CPU.ActiveCfg = Release|Any CPU
		{04651D04-DE0A-44FC-B909-B7DA7740E18F}.Release|Any CPU.Build.0 = Release|Any CPU
		{C2B7765A-C9BE-47CA-BEF1-5B5079C397ED}.Debug|Any CPU.ActiveCfg = Debug|Any CPU
		{C2B7765A-C9BE-47CA-BEF1-5B5079C397ED}.Debug|Any CPU.Build.0 = Debug|Any CPU
		{C2B7765A-C9BE-47CA-BEF1-5B5079C397ED}.Release|Any CPU.ActiveCfg = Release|Any CPU
		{C2B7765A-C9BE-47CA-BEF1-5B5079C397ED}.Release|Any CPU.Build.0 = Release|Any CPU
		{BBC2FD8D-4D04-43BB-B116-B323AEC33117}.Debug|Any CPU.ActiveCfg = Debug|Any CPU
		{BBC2FD8D-4D04-43BB-B116-B323AEC33117}.Debug|Any CPU.Build.0 = Debug|Any CPU
		{BBC2FD8D-4D04-43BB-B116-B323AEC33117}.Release|Any CPU.ActiveCfg = Release|Any CPU
		{BBC2FD8D-4D04-43BB-B116-B323AEC33117}.Release|Any CPU.Build.0 = Release|Any CPU
		{86E3100E-0DF5-426C-8631-DFACEDF15C66}.Debug|Any CPU.ActiveCfg = Debug|Any CPU
		{86E3100E-0DF5-426C-8631-DFACEDF15C66}.Debug|Any CPU.Build.0 = Debug|Any CPU
		{86E3100E-0DF5-426C-8631-DFACEDF15C66}.Release|Any CPU.ActiveCfg = Release|Any CPU
		{86E3100E-0DF5-426C-8631-DFACEDF15C66}.Release|Any CPU.Build.0 = Release|Any CPU
		{E5E20E2B-AD8E-4F8A-97B9-508EDC1FB66B}.Debug|Any CPU.ActiveCfg = Debug|Any CPU
		{E5E20E2B-AD8E-4F8A-97B9-508EDC1FB66B}.Debug|Any CPU.Build.0 = Debug|Any CPU
		{E5E20E2B-AD8E-4F8A-97B9-508EDC1FB66B}.Release|Any CPU.ActiveCfg = Release|Any CPU
		{E5E20E2B-AD8E-4F8A-97B9-508EDC1FB66B}.Release|Any CPU.Build.0 = Release|Any CPU
		{691827D8-4A36-463F-AA0B-976E99F7DCAC}.Debug|Any CPU.ActiveCfg = Debug|Any CPU
		{691827D8-4A36-463F-AA0B-976E99F7DCAC}.Debug|Any CPU.Build.0 = Debug|Any CPU
		{691827D8-4A36-463F-AA0B-976E99F7DCAC}.Release|Any CPU.ActiveCfg = Release|Any CPU
		{691827D8-4A36-463F-AA0B-976E99F7DCAC}.Release|Any CPU.Build.0 = Release|Any CPU
		{CF071993-21AF-46FF-88CF-9EB34D738C18}.Debug|Any CPU.ActiveCfg = Debug|Any CPU
		{CF071993-21AF-46FF-88CF-9EB34D738C18}.Debug|Any CPU.Build.0 = Debug|Any CPU
		{CF071993-21AF-46FF-88CF-9EB34D738C18}.Release|Any CPU.ActiveCfg = Release|Any CPU
		{CF071993-21AF-46FF-88CF-9EB34D738C18}.Release|Any CPU.Build.0 = Release|Any CPU
		{7F9A4072-A506-4B92-9858-26F5EE7F2A29}.Debug|Any CPU.ActiveCfg = Debug|Any CPU
		{7F9A4072-A506-4B92-9858-26F5EE7F2A29}.Debug|Any CPU.Build.0 = Debug|Any CPU
		{7F9A4072-A506-4B92-9858-26F5EE7F2A29}.Release|Any CPU.ActiveCfg = Release|Any CPU
		{7F9A4072-A506-4B92-9858-26F5EE7F2A29}.Release|Any CPU.Build.0 = Release|Any CPU
		{C0F4CB85-AE68-4A95-993A-C2F9E3F6377D}.Debug|Any CPU.ActiveCfg = Debug|Any CPU
		{C0F4CB85-AE68-4A95-993A-C2F9E3F6377D}.Debug|Any CPU.Build.0 = Debug|Any CPU
		{C0F4CB85-AE68-4A95-993A-C2F9E3F6377D}.Release|Any CPU.ActiveCfg = Release|Any CPU
		{C0F4CB85-AE68-4A95-993A-C2F9E3F6377D}.Release|Any CPU.Build.0 = Release|Any CPU
		{ADBE3E48-2BE0-491C-9662-6A2037802E3D}.Debug|Any CPU.ActiveCfg = Debug|Any CPU
		{ADBE3E48-2BE0-491C-9662-6A2037802E3D}.Debug|Any CPU.Build.0 = Debug|Any CPU
		{ADBE3E48-2BE0-491C-9662-6A2037802E3D}.Release|Any CPU.ActiveCfg = Release|Any CPU
		{ADBE3E48-2BE0-491C-9662-6A2037802E3D}.Release|Any CPU.Build.0 = Release|Any CPU
		{D5C53FC4-1CEF-43BB-9BC6-E01B4EA93419}.Debug|Any CPU.ActiveCfg = Debug|Any CPU
		{D5C53FC4-1CEF-43BB-9BC6-E01B4EA93419}.Debug|Any CPU.Build.0 = Debug|Any CPU
		{D5C53FC4-1CEF-43BB-9BC6-E01B4EA93419}.Release|Any CPU.ActiveCfg = Release|Any CPU
		{D5C53FC4-1CEF-43BB-9BC6-E01B4EA93419}.Release|Any CPU.Build.0 = Release|Any CPU
		{93BFC4A9-575F-4E03-81DB-9BF242E6D02F}.Debug|Any CPU.ActiveCfg = Debug|Any CPU
		{93BFC4A9-575F-4E03-81DB-9BF242E6D02F}.Debug|Any CPU.Build.0 = Debug|Any CPU
		{93BFC4A9-575F-4E03-81DB-9BF242E6D02F}.Release|Any CPU.ActiveCfg = Release|Any CPU
		{93BFC4A9-575F-4E03-81DB-9BF242E6D02F}.Release|Any CPU.Build.0 = Release|Any CPU
		{8A4AFA48-8EA6-439B-BFF5-F6ACCF73AFEF}.Debug|Any CPU.ActiveCfg = Debug|Any CPU
		{8A4AFA48-8EA6-439B-BFF5-F6ACCF73AFEF}.Debug|Any CPU.Build.0 = Debug|Any CPU
		{8A4AFA48-8EA6-439B-BFF5-F6ACCF73AFEF}.Release|Any CPU.ActiveCfg = Release|Any CPU
		{8A4AFA48-8EA6-439B-BFF5-F6ACCF73AFEF}.Release|Any CPU.Build.0 = Release|Any CPU
		{DC056BB0-182D-4F53-ABB8-1A381E83F764}.Debug|Any CPU.ActiveCfg = Debug|Any CPU
		{DC056BB0-182D-4F53-ABB8-1A381E83F764}.Debug|Any CPU.Build.0 = Debug|Any CPU
		{DC056BB0-182D-4F53-ABB8-1A381E83F764}.Release|Any CPU.ActiveCfg = Release|Any CPU
		{DC056BB0-182D-4F53-ABB8-1A381E83F764}.Release|Any CPU.Build.0 = Release|Any CPU
	EndGlobalSection
	GlobalSection(SolutionProperties) = preSolution
		HideSolutionNode = FALSE
	EndGlobalSection
	GlobalSection(NestedProjects) = preSolution
		{C6598901-40F0-4DF2-B354-AC5E1F4E589B} = {A58C8C15-691B-4646-B2E0-5DFFF32F24CD}
		{928DC108-1CCE-40DC-9C77-AD5832AB9A5B} = {A58C8C15-691B-4646-B2E0-5DFFF32F24CD}
		{EADEA832-0D0C-424B-AB36-5CA4CB7D31BA} = {A58C8C15-691B-4646-B2E0-5DFFF32F24CD}
		{DF609F99-FFD2-43EF-8DAF-4B64BE15FBB5} = {A58C8C15-691B-4646-B2E0-5DFFF32F24CD}
		{7197F564-8AD9-48AF-A3B0-210F625F8FB7} = {7D8CD343-619E-4DCB-91A7-AAA7733B49E6}
		{04651D04-DE0A-44FC-B909-B7DA7740E18F} = {7D8CD343-619E-4DCB-91A7-AAA7733B49E6}
		{C2B7765A-C9BE-47CA-BEF1-5B5079C397ED} = {7D8CD343-619E-4DCB-91A7-AAA7733B49E6}
		{BBC2FD8D-4D04-43BB-B116-B323AEC33117} = {7D8CD343-619E-4DCB-91A7-AAA7733B49E6}
		{86E3100E-0DF5-426C-8631-DFACEDF15C66} = {3D7FE754-321C-49C8-A503-C3C7D61FC0EB}
		{E5E20E2B-AD8E-4F8A-97B9-508EDC1FB66B} = {5BBEB00F-C086-409B-A31D-61DBA4B96FD5}
		{691827D8-4A36-463F-AA0B-976E99F7DCAC} = {5BBEB00F-C086-409B-A31D-61DBA4B96FD5}
		{CF071993-21AF-46FF-88CF-9EB34D738C18} = {5BBEB00F-C086-409B-A31D-61DBA4B96FD5}
		{7F9A4072-A506-4B92-9858-26F5EE7F2A29} = {5BBEB00F-C086-409B-A31D-61DBA4B96FD5}
		{C0F4CB85-AE68-4A95-993A-C2F9E3F6377D} = {5BBEB00F-C086-409B-A31D-61DBA4B96FD5}
		{ADBE3E48-2BE0-491C-9662-6A2037802E3D} = {D20069BD-1953-46FB-9206-0A22B9D2D946}
		{D5C53FC4-1CEF-43BB-9BC6-E01B4EA93419} = {D20069BD-1953-46FB-9206-0A22B9D2D946}
		{93BFC4A9-575F-4E03-81DB-9BF242E6D02F} = {D20069BD-1953-46FB-9206-0A22B9D2D946}
		{8A4AFA48-8EA6-439B-BFF5-F6ACCF73AFEF} = {D20069BD-1953-46FB-9206-0A22B9D2D946}
		{DC056BB0-182D-4F53-ABB8-1A381E83F764} = {D20069BD-1953-46FB-9206-0A22B9D2D946}
	EndGlobalSection
	GlobalSection(ExtensibilityGlobals) = postSolution
		SolutionGuid = {56C26D50-581E-445C-A9AE-A310563F956D}
	EndGlobalSection
EndGlobal
